
Microsoft Visual Studio Solution File, Format Version 12.00
# Visual Studio 15
VisualStudioVersion = 15.0.27428.2027
MinimumVisualStudioVersion = 10.0.40219.1
Project("{9A19103F-16F7-4668-BE54-9A1E7A4F7556}") = "Books.Api", "Books.Api\Books.Api.csproj", "{E3710F56-292E-4E9E-B01A-89F1ABDFA9EE}"
EndProject
Project("{9A19103F-16F7-4668-BE54-9A1E7A4F7556}") = "BookCovers.API", "BookCovers.API\BookCovers.API.csproj", "{98CE8FED-F685-4FDD-8C91-99EF4A4FE26A}"
EndProject
Project("{9A19103F-16F7-4668-BE54-9A1E7A4F7556}") = "Books.Legacy", "Books.Legacy\Books.Legacy.csproj", "{78AA6655-AECA-4B1A-BD3F-BE75C1C664CD}"
EndProject
Global
	GlobalSection(SolutionConfigurationPlatforms) = preSolution
		Debug|Any CPU = Debug|Any CPU
		Release|Any CPU = Release|Any CPU
	EndGlobalSection
	GlobalSection(ProjectConfigurationPlatforms) = postSolution
		{E3710F56-292E-4E9E-B01A-89F1ABDFA9EE}.Debug|Any CPU.ActiveCfg = Debug|Any CPU
		{E3710F56-292E-4E9E-B01A-89F1ABDFA9EE}.Debug|Any CPU.Build.0 = Debug|Any CPU
		{E3710F56-292E-4E9E-B01A-89F1ABDFA9EE}.Release|Any CPU.ActiveCfg = Release|Any CPU
		{E3710F56-292E-4E9E-B01A-89F1ABDFA9EE}.Release|Any CPU.Build.0 = Release|Any CPU
		{98CE8FED-F685-4FDD-8C91-99EF4A4FE26A}.Debug|Any CPU.ActiveCfg = Debug|Any CPU
		{98CE8FED-F685-4FDD-8C91-99EF4A4FE26A}.Debug|Any CPU.Build.0 = Debug|Any CPU
		{98CE8FED-F685-4FDD-8C91-99EF4A4FE26A}.Release|Any CPU.ActiveCfg = Release|Any CPU
		{98CE8FED-F685-4FDD-8C91-99EF4A4FE26A}.Release|Any CPU.Build.0 = Release|Any CPU
		{78AA6655-AECA-4B1A-BD3F-BE75C1C664CD}.Debug|Any CPU.ActiveCfg = Debug|Any CPU
		{78AA6655-AECA-4B1A-BD3F-BE75C1C664CD}.Debug|Any CPU.Build.0 = Debug|Any CPU
		{78AA6655-AECA-4B1A-BD3F-BE75C1C664CD}.Release|Any CPU.ActiveCfg = Release|Any CPU
		{78AA6655-AECA-4B1A-BD3F-BE75C1C664CD}.Release|Any CPU.Build.0 = Release|Any CPU
	EndGlobalSection
	GlobalSection(SolutionProperties) = preSolution
		HideSolutionNode = FALSE
	EndGlobalSection
	GlobalSection(ExtensibilityGlobals) = postSolution
		SolutionGuid = {9914921E-DFAC-4FC5-A641-EE317C79DCAD}
	EndGlobalSection
EndGlobal
